
Microsoft Visual Studio Solution File, Format Version 12.00
# Visual Studio Version 16
VisualStudioVersion = 16.0.29613.14
MinimumVisualStudioVersion = 10.0.40219.1
Project("{FAE04EC0-301F-11D3-BF4B-00C04F79EFBC}") = "WPF_ZARUBIN_PR2 ZADANIE", "WPF_ZARUBIN_PR2 ZADANIE.csproj", "{7F175450-5099-4F4E-AC21-87D955B96E4E}"
EndProject
Global
	GlobalSection(SolutionConfigurationPlatforms) = preSolution
		Debug|Any CPU = Debug|Any CPU
		Release|Any CPU = Release|Any CPU
	EndGlobalSection
	GlobalSection(ProjectConfigurationPlatforms) = postSolution
		{7F175450-5099-4F4E-AC21-87D955B96E4E}.Debug|Any CPU.ActiveCfg = Debug|Any CPU
		{7F175450-5099-4F4E-AC21-87D955B96E4E}.Debug|Any CPU.Build.0 = Debug|Any CPU
		{7F175450-5099-4F4E-AC21-87D955B96E4E}.Release|Any CPU.ActiveCfg = Release|Any CPU
		{7F175450-5099-4F4E-AC21-87D955B96E4E}.Release|Any CPU.Build.0 = Release|Any CPU
	EndGlobalSection
	GlobalSection(SolutionProperties) = preSolution
		HideSolutionNode = FALSE
	EndGlobalSection
	GlobalSection(ExtensibilityGlobals) = postSolution
		SolutionGuid = {D401F093-1312-4C95-A101-538657252FC9}
	EndGlobalSection
EndGlobal
